// !$*UTF8*$!
{
	archiveVersion = 1;
	classes = {
	};
	objectVersion = 55;
	objects = {

/* Begin PBXBuildFile section */
		2C27A4352370FA142171F0BC /* Pods_Easy_Travels.framework in Frameworks */ = {isa = PBXBuildFile; fileRef = DFC6F2ADBC9260B02C1D9348 /* Pods_Easy_Travels.framework */; };
		7D69C318280652C600D40B71 /* AppDelegate.swift in Sources */ = {isa = PBXBuildFile; fileRef = 7D69C317280652C600D40B71 /* AppDelegate.swift */; };
		7D69C31A280652C600D40B71 /* SceneDelegate.swift in Sources */ = {isa = PBXBuildFile; fileRef = 7D69C319280652C600D40B71 /* SceneDelegate.swift */; };
		7D69C31C280652C600D40B71 /* LoginViewController.swift in Sources */ = {isa = PBXBuildFile; fileRef = 7D69C31B280652C600D40B71 /* LoginViewController.swift */; };
		7D69C31F280652C600D40B71 /* Main.storyboard in Resources */ = {isa = PBXBuildFile; fileRef = 7D69C31D280652C600D40B71 /* Main.storyboard */; };
		7D69C321280652CE00D40B71 /* Assets.xcassets in Resources */ = {isa = PBXBuildFile; fileRef = 7D69C320280652CE00D40B71 /* Assets.xcassets */; };
		7D69C324280652CE00D40B71 /* LaunchScreen.storyboard in Resources */ = {isa = PBXBuildFile; fileRef = 7D69C322280652CE00D40B71 /* LaunchScreen.storyboard */; };
		7D69C32C280657ED00D40B71 /* GoogleService-Info.plist in Resources */ = {isa = PBXBuildFile; fileRef = 7D69C32B280657EC00D40B71 /* GoogleService-Info.plist */; };
		7D6C201E2815A40900B7739B /* TravelUser.swift in Sources */ = {isa = PBXBuildFile; fileRef = 7D6C201D2815A40900B7739B /* TravelUser.swift */; };
		7D6C20212815AB0900B7739B /* WelcomeViewController.swift in Sources */ = {isa = PBXBuildFile; fileRef = 7D6C20202815AB0900B7739B /* WelcomeViewController.swift */; };
		7D6C20232815C8CB00B7739B /* LocationSelectorViewController.swift in Sources */ = {isa = PBXBuildFile; fileRef = 7D6C20222815C8CA00B7739B /* LocationSelectorViewController.swift */; };
		7D6C20252815C9A100B7739B /* TripSelectorViewController.swift in Sources */ = {isa = PBXBuildFile; fileRef = 7D6C20242815C9A100B7739B /* TripSelectorViewController.swift */; };
		7D6C20272815D8FB00B7739B /* APIKeys.swift in Sources */ = {isa = PBXBuildFile; fileRef = 7D6C20262815D8FB00B7739B /* APIKeys.swift */; };
		7D6C20292816062A00B7739B /* HomeViewController.swift in Sources */ = {isa = PBXBuildFile; fileRef = 7D6C20282816062A00B7739B /* HomeViewController.swift */; };
		7D6C202B2816063900B7739B /* UsersViewController.swift in Sources */ = {isa = PBXBuildFile; fileRef = 7D6C202A2816063900B7739B /* UsersViewController.swift */; };
		7D6C202D2816064500B7739B /* TripsViewController.swift in Sources */ = {isa = PBXBuildFile; fileRef = 7D6C202C2816064500B7739B /* TripsViewController.swift */; };
		7D6C202F2816075200B7739B /* SideMenuViewController.swift in Sources */ = {isa = PBXBuildFile; fileRef = 7D6C202E2816075200B7739B /* SideMenuViewController.swift */; };
		7D6C20312816266000B7739B /* SideMenuModel.swift in Sources */ = {isa = PBXBuildFile; fileRef = 7D6C20302816266000B7739B /* SideMenuModel.swift */; };
		7D6C20352816275000B7739B /* TableViewCell.swift in Sources */ = {isa = PBXBuildFile; fileRef = 7D6C20332816275000B7739B /* TableViewCell.swift */; };
		7D6C20362816275000B7739B /* TableViewCell.xib in Resources */ = {isa = PBXBuildFile; fileRef = 7D6C20342816275000B7739B /* TableViewCell.xib */; };
		7D6C203828162B3D00B7739B /* MainViewController.swift in Sources */ = {isa = PBXBuildFile; fileRef = 7D6C203728162B3D00B7739B /* MainViewController.swift */; };
		7D6C203A281631B700B7739B /* PackingListViewController.swift in Sources */ = {isa = PBXBuildFile; fileRef = 7D6C2039281631B700B7739B /* PackingListViewController.swift */; };
		7D6C203C2816E94200B7739B /* TripDetailsViewController.swift in Sources */ = {isa = PBXBuildFile; fileRef = 7D6C203B2816E94200B7739B /* TripDetailsViewController.swift */; };
/* End PBXBuildFile section */

/* Begin PBXFileReference section */
		0712E67FB1EF3563C0587643 /* Pods-Easy Travels.debug.xcconfig */ = {isa = PBXFileReference; includeInIndex = 1; lastKnownFileType = text.xcconfig; name = "Pods-Easy Travels.debug.xcconfig"; path = "Target Support Files/Pods-Easy Travels/Pods-Easy Travels.debug.xcconfig"; sourceTree = "<group>"; };
		7D69C314280652C600D40B71 /* Easy Travels.app */ = {isa = PBXFileReference; explicitFileType = wrapper.application; includeInIndex = 0; path = "Easy Travels.app"; sourceTree = BUILT_PRODUCTS_DIR; };
		7D69C317280652C600D40B71 /* AppDelegate.swift */ = {isa = PBXFileReference; lastKnownFileType = sourcecode.swift; path = AppDelegate.swift; sourceTree = "<group>"; };
		7D69C319280652C600D40B71 /* SceneDelegate.swift */ = {isa = PBXFileReference; lastKnownFileType = sourcecode.swift; path = SceneDelegate.swift; sourceTree = "<group>"; };
		7D69C31B280652C600D40B71 /* LoginViewController.swift */ = {isa = PBXFileReference; lastKnownFileType = sourcecode.swift; path = LoginViewController.swift; sourceTree = "<group>"; };
		7D69C31E280652C600D40B71 /* Base */ = {isa = PBXFileReference; lastKnownFileType = file.storyboard; name = Base; path = Base.lproj/Main.storyboard; sourceTree = "<group>"; };
		7D69C320280652CE00D40B71 /* Assets.xcassets */ = {isa = PBXFileReference; lastKnownFileType = folder.assetcatalog; path = Assets.xcassets; sourceTree = "<group>"; };
		7D69C323280652CE00D40B71 /* Base */ = {isa = PBXFileReference; lastKnownFileType = file.storyboard; name = Base; path = Base.lproj/LaunchScreen.storyboard; sourceTree = "<group>"; };
		7D69C325280652CE00D40B71 /* Info.plist */ = {isa = PBXFileReference; lastKnownFileType = text.plist.xml; path = Info.plist; sourceTree = "<group>"; };
		7D69C32B280657EC00D40B71 /* GoogleService-Info.plist */ = {isa = PBXFileReference; fileEncoding = 4; lastKnownFileType = text.plist.xml; path = "GoogleService-Info.plist"; sourceTree = "<group>"; };
		7D6C201D2815A40900B7739B /* TravelUser.swift */ = {isa = PBXFileReference; lastKnownFileType = sourcecode.swift; path = TravelUser.swift; sourceTree = "<group>"; };
		7D6C20202815AB0900B7739B /* WelcomeViewController.swift */ = {isa = PBXFileReference; lastKnownFileType = sourcecode.swift; path = WelcomeViewController.swift; sourceTree = "<group>"; };
		7D6C20222815C8CA00B7739B /* LocationSelectorViewController.swift */ = {isa = PBXFileReference; lastKnownFileType = sourcecode.swift; path = LocationSelectorViewController.swift; sourceTree = "<group>"; };
		7D6C20242815C9A100B7739B /* TripSelectorViewController.swift */ = {isa = PBXFileReference; lastKnownFileType = sourcecode.swift; path = TripSelectorViewController.swift; sourceTree = "<group>"; };
		7D6C20262815D8FB00B7739B /* APIKeys.swift */ = {isa = PBXFileReference; lastKnownFileType = sourcecode.swift; path = APIKeys.swift; sourceTree = "<group>"; };
		7D6C20282816062A00B7739B /* HomeViewController.swift */ = {isa = PBXFileReference; lastKnownFileType = sourcecode.swift; path = HomeViewController.swift; sourceTree = "<group>"; };
		7D6C202A2816063900B7739B /* UsersViewController.swift */ = {isa = PBXFileReference; lastKnownFileType = sourcecode.swift; path = UsersViewController.swift; sourceTree = "<group>"; };
		7D6C202C2816064500B7739B /* TripsViewController.swift */ = {isa = PBXFileReference; lastKnownFileType = sourcecode.swift; path = TripsViewController.swift; sourceTree = "<group>"; };
		7D6C202E2816075200B7739B /* SideMenuViewController.swift */ = {isa = PBXFileReference; lastKnownFileType = sourcecode.swift; path = SideMenuViewController.swift; sourceTree = "<group>"; };
		7D6C20302816266000B7739B /* SideMenuModel.swift */ = {isa = PBXFileReference; lastKnownFileType = sourcecode.swift; path = SideMenuModel.swift; sourceTree = "<group>"; };
		7D6C20332816275000B7739B /* TableViewCell.swift */ = {isa = PBXFileReference; lastKnownFileType = sourcecode.swift; path = TableViewCell.swift; sourceTree = "<group>"; };
		7D6C20342816275000B7739B /* TableViewCell.xib */ = {isa = PBXFileReference; lastKnownFileType = file.xib; path = TableViewCell.xib; sourceTree = "<group>"; };
		7D6C203728162B3D00B7739B /* MainViewController.swift */ = {isa = PBXFileReference; lastKnownFileType = sourcecode.swift; path = MainViewController.swift; sourceTree = "<group>"; };
		7D6C2039281631B700B7739B /* PackingListViewController.swift */ = {isa = PBXFileReference; lastKnownFileType = sourcecode.swift; path = PackingListViewController.swift; sourceTree = "<group>"; };
		7D6C203B2816E94200B7739B /* TripDetailsViewController.swift */ = {isa = PBXFileReference; lastKnownFileType = sourcecode.swift; path = TripDetailsViewController.swift; sourceTree = "<group>"; };
		D7831C81D42401BD22699454 /* Pods-Easy Travels.release.xcconfig */ = {isa = PBXFileReference; includeInIndex = 1; lastKnownFileType = text.xcconfig; name = "Pods-Easy Travels.release.xcconfig"; path = "Target Support Files/Pods-Easy Travels/Pods-Easy Travels.release.xcconfig"; sourceTree = "<group>"; };
		DFC6F2ADBC9260B02C1D9348 /* Pods_Easy_Travels.framework */ = {isa = PBXFileReference; explicitFileType = wrapper.framework; includeInIndex = 0; path = Pods_Easy_Travels.framework; sourceTree = BUILT_PRODUCTS_DIR; };
/* End PBXFileReference section */

/* Begin PBXFrameworksBuildPhase section */
		7D69C311280652C600D40B71 /* Frameworks */ = {
			isa = PBXFrameworksBuildPhase;
			buildActionMask = 2147483647;
			files = (
				2C27A4352370FA142171F0BC /* Pods_Easy_Travels.framework in Frameworks */,
			);
			runOnlyForDeploymentPostprocessing = 0;
		};
/* End PBXFrameworksBuildPhase section */

/* Begin PBXGroup section */
		396FF3998BAD4DCBB1054258 /* Frameworks */ = {
			isa = PBXGroup;
			children = (
				DFC6F2ADBC9260B02C1D9348 /* Pods_Easy_Travels.framework */,
			);
			name = Frameworks;
			sourceTree = "<group>";
		};
		7D69C30B280652C600D40B71 = {
			isa = PBXGroup;
			children = (
				7D69C316280652C600D40B71 /* Easy Travels */,
				7D69C315280652C600D40B71 /* Products */,
				9A115544FDB135C005ABD60F /* Pods */,
				396FF3998BAD4DCBB1054258 /* Frameworks */,
			);
			sourceTree = "<group>";
		};
		7D69C315280652C600D40B71 /* Products */ = {
			isa = PBXGroup;
			children = (
				7D69C314280652C600D40B71 /* Easy Travels.app */,
			);
			name = Products;
			sourceTree = "<group>";
		};
		7D69C316280652C600D40B71 /* Easy Travels */ = {
			isa = PBXGroup;
			children = (
				7D69C317280652C600D40B71 /* AppDelegate.swift */,
				7D69C319280652C600D40B71 /* SceneDelegate.swift */,
				7D6C201F2815A91100B7739B /* Controllers */,
				7D6C20322816272B00B7739B /* Models */,
				7D69C31D280652C600D40B71 /* Main.storyboard */,
				7D69C320280652CE00D40B71 /* Assets.xcassets */,
				7D69C322280652CE00D40B71 /* LaunchScreen.storyboard */,
				7D69C325280652CE00D40B71 /* Info.plist */,
				7D6C20262815D8FB00B7739B /* APIKeys.swift */,
				7D69C32B280657EC00D40B71 /* GoogleService-Info.plist */,
			);
			path = "Easy Travels";
			sourceTree = "<group>";
		};
		7D6C201F2815A91100B7739B /* Controllers */ = {
			isa = PBXGroup;
			children = (
				7D69C31B280652C600D40B71 /* LoginViewController.swift */,
				7D6C20202815AB0900B7739B /* WelcomeViewController.swift */,
				7D6C20242815C9A100B7739B /* TripSelectorViewController.swift */,
				7D6C20222815C8CA00B7739B /* LocationSelectorViewController.swift */,
				7D6C20282816062A00B7739B /* HomeViewController.swift */,
				7D6C202A2816063900B7739B /* UsersViewController.swift */,
				7D6C202C2816064500B7739B /* TripsViewController.swift */,
				7D6C202E2816075200B7739B /* SideMenuViewController.swift */,
				7D6C203728162B3D00B7739B /* MainViewController.swift */,
				7D6C2039281631B700B7739B /* PackingListViewController.swift */,
				7D6C203B2816E94200B7739B /* TripDetailsViewController.swift */,
			);
			path = Controllers;
			sourceTree = "<group>";
		};
		7D6C20322816272B00B7739B /* Models */ = {
			isa = PBXGroup;
			children = (
				7D6C201D2815A40900B7739B /* TravelUser.swift */,
				7D6C20302816266000B7739B /* SideMenuModel.swift */,
				7D6C20332816275000B7739B /* TableViewCell.swift */,
				7D6C20342816275000B7739B /* TableViewCell.xib */,
			);
			path = Models;
			sourceTree = "<group>";
		};
		9A115544FDB135C005ABD60F /* Pods */ = {
			isa = PBXGroup;
			children = (
				0712E67FB1EF3563C0587643 /* Pods-Easy Travels.debug.xcconfig */,
				D7831C81D42401BD22699454 /* Pods-Easy Travels.release.xcconfig */,
			);
			path = Pods;
			sourceTree = "<group>";
		};
/* End PBXGroup section */

/* Begin PBXNativeTarget section */
		7D69C313280652C600D40B71 /* Easy Travels */ = {
			isa = PBXNativeTarget;
			buildConfigurationList = 7D69C328280652CE00D40B71 /* Build configuration list for PBXNativeTarget "Easy Travels" */;
			buildPhases = (
				650310D40EAA49B7A3B99377 /* [CP] Check Pods Manifest.lock */,
				7D69C310280652C600D40B71 /* Sources */,
				7D69C311280652C600D40B71 /* Frameworks */,
				7D69C312280652C600D40B71 /* Resources */,
				AD8ADBF3D0FB7AC06EE8D341 /* [CP] Embed Pods Frameworks */,
				2D67FD05C1FFA52DB40C5788 /* [CP] Copy Pods Resources */,
			);
			buildRules = (
			);
			dependencies = (
			);
			name = "Easy Travels";
			productName = "Easy Travels";
			productReference = 7D69C314280652C600D40B71 /* Easy Travels.app */;
			productType = "com.apple.product-type.application";
		};
/* End PBXNativeTarget section */

/* Begin PBXProject section */
		7D69C30C280652C600D40B71 /* Project object */ = {
			isa = PBXProject;
			attributes = {
				BuildIndependentTargetsInParallel = 1;
				LastSwiftUpdateCheck = 1320;
				LastUpgradeCheck = 1320;
				TargetAttributes = {
					7D69C313280652C600D40B71 = {
						CreatedOnToolsVersion = 13.2.1;
					};
				};
			};
			buildConfigurationList = 7D69C30F280652C600D40B71 /* Build configuration list for PBXProject "Easy Travels" */;
			compatibilityVersion = "Xcode 13.0";
			developmentRegion = en;
			hasScannedForEncodings = 0;
			knownRegions = (
				en,
				Base,
			);
			mainGroup = 7D69C30B280652C600D40B71;
			productRefGroup = 7D69C315280652C600D40B71 /* Products */;
			projectDirPath = "";
			projectRoot = "";
			targets = (
				7D69C313280652C600D40B71 /* Easy Travels */,
			);
		};
/* End PBXProject section */

/* Begin PBXResourcesBuildPhase section */
		7D69C312280652C600D40B71 /* Resources */ = {
			isa = PBXResourcesBuildPhase;
			buildActionMask = 2147483647;
			files = (
				7D69C324280652CE00D40B71 /* LaunchScreen.storyboard in Resources */,
				7D6C20362816275000B7739B /* TableViewCell.xib in Resources */,
				7D69C32C280657ED00D40B71 /* GoogleService-Info.plist in Resources */,
				7D69C321280652CE00D40B71 /* Assets.xcassets in Resources */,
				7D69C31F280652C600D40B71 /* Main.storyboard in Resources */,
			);
			runOnlyForDeploymentPostprocessing = 0;
		};
/* End PBXResourcesBuildPhase section */

/* Begin PBXShellScriptBuildPhase section */
		2D67FD05C1FFA52DB40C5788 /* [CP] Copy Pods Resources */ = {
			isa = PBXShellScriptBuildPhase;
			buildActionMask = 2147483647;
			files = (
			);
			inputFileListPaths = (
				"${PODS_ROOT}/Target Support Files/Pods-Easy Travels/Pods-Easy Travels-resources-${CONFIGURATION}-input-files.xcfilelist",
			);
			name = "[CP] Copy Pods Resources";
			outputFileListPaths = (
				"${PODS_ROOT}/Target Support Files/Pods-Easy Travels/Pods-Easy Travels-resources-${CONFIGURATION}-output-files.xcfilelist",
			);
			runOnlyForDeploymentPostprocessing = 0;
			shellPath = /bin/sh;
			shellScript = "\"${PODS_ROOT}/Target Support Files/Pods-Easy Travels/Pods-Easy Travels-resources.sh\"\n";
			showEnvVarsInLog = 0;
		};
		650310D40EAA49B7A3B99377 /* [CP] Check Pods Manifest.lock */ = {
			isa = PBXShellScriptBuildPhase;
			buildActionMask = 2147483647;
			files = (
			);
			inputFileListPaths = (
			);
			inputPaths = (
				"${PODS_PODFILE_DIR_PATH}/Podfile.lock",
				"${PODS_ROOT}/Manifest.lock",
			);
			name = "[CP] Check Pods Manifest.lock";
			outputFileListPaths = (
			);
			outputPaths = (
				"$(DERIVED_FILE_DIR)/Pods-Easy Travels-checkManifestLockResult.txt",
			);
			runOnlyForDeploymentPostprocessing = 0;
			shellPath = /bin/sh;
			shellScript = "diff \"${PODS_PODFILE_DIR_PATH}/Podfile.lock\" \"${PODS_ROOT}/Manifest.lock\" > /dev/null\nif [ $? != 0 ] ; then\n    # print error to STDERR\n    echo \"error: The sandbox is not in sync with the Podfile.lock. Run 'pod install' or update your CocoaPods installation.\" >&2\n    exit 1\nfi\n# This output is used by Xcode 'outputs' to avoid re-running this script phase.\necho \"SUCCESS\" > \"${SCRIPT_OUTPUT_FILE_0}\"\n";
			showEnvVarsInLog = 0;
		};
		AD8ADBF3D0FB7AC06EE8D341 /* [CP] Embed Pods Frameworks */ = {
			isa = PBXShellScriptBuildPhase;
			buildActionMask = 2147483647;
			files = (
			);
			inputFileListPaths = (
				"${PODS_ROOT}/Target Support Files/Pods-Easy Travels/Pods-Easy Travels-frameworks-${CONFIGURATION}-input-files.xcfilelist",
			);
			name = "[CP] Embed Pods Frameworks";
			outputFileListPaths = (
				"${PODS_ROOT}/Target Support Files/Pods-Easy Travels/Pods-Easy Travels-frameworks-${CONFIGURATION}-output-files.xcfilelist",
			);
			runOnlyForDeploymentPostprocessing = 0;
			shellPath = /bin/sh;
			shellScript = "\"${PODS_ROOT}/Target Support Files/Pods-Easy Travels/Pods-Easy Travels-frameworks.sh\"\n";
			showEnvVarsInLog = 0;
		};
/* End PBXShellScriptBuildPhase section */

/* Begin PBXSourcesBuildPhase section */
		7D69C310280652C600D40B71 /* Sources */ = {
			isa = PBXSourcesBuildPhase;
			buildActionMask = 2147483647;
			files = (
				7D6C202D2816064500B7739B /* TripsViewController.swift in Sources */,
				7D6C201E2815A40900B7739B /* TravelUser.swift in Sources */,
				7D6C203A281631B700B7739B /* PackingListViewController.swift in Sources */,
				7D6C20212815AB0900B7739B /* WelcomeViewController.swift in Sources */,
				7D69C31C280652C600D40B71 /* LoginViewController.swift in Sources */,
				7D6C202F2816075200B7739B /* SideMenuViewController.swift in Sources */,
				7D6C203C2816E94200B7739B /* TripDetailsViewController.swift in Sources */,
				7D6C20352816275000B7739B /* TableViewCell.swift in Sources */,
				7D6C20252815C9A100B7739B /* TripSelectorViewController.swift in Sources */,
				7D69C318280652C600D40B71 /* AppDelegate.swift in Sources */,
				7D6C20292816062A00B7739B /* HomeViewController.swift in Sources */,
				7D6C203828162B3D00B7739B /* MainViewController.swift in Sources */,
				7D6C20232815C8CB00B7739B /* LocationSelectorViewController.swift in Sources */,
				7D6C202B2816063900B7739B /* UsersViewController.swift in Sources */,
				7D6C20272815D8FB00B7739B /* APIKeys.swift in Sources */,
				7D69C31A280652C600D40B71 /* SceneDelegate.swift in Sources */,
				7D6C20312816266000B7739B /* SideMenuModel.swift in Sources */,
			);
			runOnlyForDeploymentPostprocessing = 0;
		};
/* End PBXSourcesBuildPhase section */

/* Begin PBXVariantGroup section */
		7D69C31D280652C600D40B71 /* Main.storyboard */ = {
			isa = PBXVariantGroup;
			children = (
				7D69C31E280652C600D40B71 /* Base */,
			);
			name = Main.storyboard;
			sourceTree = "<group>";
		};
		7D69C322280652CE00D40B71 /* LaunchScreen.storyboard */ = {
			isa = PBXVariantGroup;
			children = (
				7D69C323280652CE00D40B71 /* Base */,
			);
			name = LaunchScreen.storyboard;
			sourceTree = "<group>";
		};
/* End PBXVariantGroup section */

/* Begin XCBuildConfiguration section */
		7D69C326280652CE00D40B71 /* Debug */ = {
			isa = XCBuildConfiguration;
			buildSettings = {
				ALWAYS_SEARCH_USER_PATHS = NO;
				CLANG_ANALYZER_NONNULL = YES;
				CLANG_ANALYZER_NUMBER_OBJECT_CONVERSION = YES_AGGRESSIVE;
				CLANG_CXX_LANGUAGE_STANDARD = "gnu++17";
				CLANG_CXX_LIBRARY = "libc++";
				CLANG_ENABLE_MODULES = YES;
				CLANG_ENABLE_OBJC_ARC = YES;
				CLANG_ENABLE_OBJC_WEAK = YES;
				CLANG_WARN_BLOCK_CAPTURE_AUTORELEASING = YES;
				CLANG_WARN_BOOL_CONVERSION = YES;
				CLANG_WARN_COMMA = YES;
				CLANG_WARN_CONSTANT_CONVERSION = YES;
				CLANG_WARN_DEPRECATED_OBJC_IMPLEMENTATIONS = YES;
				CLANG_WARN_DIRECT_OBJC_ISA_USAGE = YES_ERROR;
				CLANG_WARN_DOCUMENTATION_COMMENTS = YES;
				CLANG_WARN_EMPTY_BODY = YES;
				CLANG_WARN_ENUM_CONVERSION = YES;
				CLANG_WARN_INFINITE_RECURSION = YES;
				CLANG_WARN_INT_CONVERSION = YES;
				CLANG_WARN_NON_LITERAL_NULL_CONVERSION = YES;
				CLANG_WARN_OBJC_IMPLICIT_RETAIN_SELF = YES;
				CLANG_WARN_OBJC_LITERAL_CONVERSION = YES;
				CLANG_WARN_OBJC_ROOT_CLASS = YES_ERROR;
				CLANG_WARN_QUOTED_INCLUDE_IN_FRAMEWORK_HEADER = YES;
				CLANG_WARN_RANGE_LOOP_ANALYSIS = YES;
				CLANG_WARN_STRICT_PROTOTYPES = YES;
				CLANG_WARN_SUSPICIOUS_MOVE = YES;
				CLANG_WARN_UNGUARDED_AVAILABILITY = YES_AGGRESSIVE;
				CLANG_WARN_UNREACHABLE_CODE = YES;
				CLANG_WARN__DUPLICATE_METHOD_MATCH = YES;
				COPY_PHASE_STRIP = NO;
				DEBUG_INFORMATION_FORMAT = dwarf;
				ENABLE_STRICT_OBJC_MSGSEND = YES;
				ENABLE_TESTABILITY = YES;
				GCC_C_LANGUAGE_STANDARD = gnu11;
				GCC_DYNAMIC_NO_PIC = NO;
				GCC_NO_COMMON_BLOCKS = YES;
				GCC_OPTIMIZATION_LEVEL = 0;
				GCC_PREPROCESSOR_DEFINITIONS = (
					"DEBUG=1",
					"$(inherited)",
				);
				GCC_WARN_64_TO_32_BIT_CONVERSION = YES;
				GCC_WARN_ABOUT_RETURN_TYPE = YES_ERROR;
				GCC_WARN_UNDECLARED_SELECTOR = YES;
				GCC_WARN_UNINITIALIZED_AUTOS = YES_AGGRESSIVE;
				GCC_WARN_UNUSED_FUNCTION = YES;
				GCC_WARN_UNUSED_VARIABLE = YES;
				IPHONEOS_DEPLOYMENT_TARGET = 15.2;
				MTL_ENABLE_DEBUG_INFO = INCLUDE_SOURCE;
				MTL_FAST_MATH = YES;
				ONLY_ACTIVE_ARCH = YES;
				SDKROOT = iphoneos;
				SWIFT_ACTIVE_COMPILATION_CONDITIONS = DEBUG;
				SWIFT_OPTIMIZATION_LEVEL = "-Onone";
			};
			name = Debug;
		};
		7D69C327280652CE00D40B71 /* Release */ = {
			isa = XCBuildConfiguration;
			buildSettings = {
				ALWAYS_SEARCH_USER_PATHS = NO;
				CLANG_ANALYZER_NONNULL = YES;
				CLANG_ANALYZER_NUMBER_OBJECT_CONVERSION = YES_AGGRESSIVE;
				CLANG_CXX_LANGUAGE_STANDARD = "gnu++17";
				CLANG_CXX_LIBRARY = "libc++";
				CLANG_ENABLE_MODULES = YES;
				CLANG_ENABLE_OBJC_ARC = YES;
				CLANG_ENABLE_OBJC_WEAK = YES;
				CLANG_WARN_BLOCK_CAPTURE_AUTORELEASING = YES;
				CLANG_WARN_BOOL_CONVERSION = YES;
				CLANG_WARN_COMMA = YES;
				CLANG_WARN_CONSTANT_CONVERSION = YES;
				CLANG_WARN_DEPRECATED_OBJC_IMPLEMENTATIONS = YES;
				CLANG_WARN_DIRECT_OBJC_ISA_USAGE = YES_ERROR;
				CLANG_WARN_DOCUMENTATION_COMMENTS = YES;
				CLANG_WARN_EMPTY_BODY = YES;
				CLANG_WARN_ENUM_CONVERSION = YES;
				CLANG_WARN_INFINITE_RECURSION = YES;
				CLANG_WARN_INT_CONVERSION = YES;
				CLANG_WARN_NON_LITERAL_NULL_CONVERSION = YES;
				CLANG_WARN_OBJC_IMPLICIT_RETAIN_SELF = YES;
				CLANG_WARN_OBJC_LITERAL_CONVERSION = YES;
				CLANG_WARN_OBJC_ROOT_CLASS = YES_ERROR;
				CLANG_WARN_QUOTED_INCLUDE_IN_FRAMEWORK_HEADER = YES;
				CLANG_WARN_RANGE_LOOP_ANALYSIS = YES;
				CLANG_WARN_STRICT_PROTOTYPES = YES;
				CLANG_WARN_SUSPICIOUS_MOVE = YES;
				CLANG_WARN_UNGUARDED_AVAILABILITY = YES_AGGRESSIVE;
				CLANG_WARN_UNREACHABLE_CODE = YES;
				CLANG_WARN__DUPLICATE_METHOD_MATCH = YES;
				COPY_PHASE_STRIP = NO;
				DEBUG_INFORMATION_FORMAT = "dwarf-with-dsym";
				ENABLE_NS_ASSERTIONS = NO;
				ENABLE_STRICT_OBJC_MSGSEND = YES;
				GCC_C_LANGUAGE_STANDARD = gnu11;
				GCC_NO_COMMON_BLOCKS = YES;
				GCC_WARN_64_TO_32_BIT_CONVERSION = YES;
				GCC_WARN_ABOUT_RETURN_TYPE = YES_ERROR;
				GCC_WARN_UNDECLARED_SELECTOR = YES;
				GCC_WARN_UNINITIALIZED_AUTOS = YES_AGGRESSIVE;
				GCC_WARN_UNUSED_FUNCTION = YES;
				GCC_WARN_UNUSED_VARIABLE = YES;
				IPHONEOS_DEPLOYMENT_TARGET = 15.2;
				MTL_ENABLE_DEBUG_INFO = NO;
				MTL_FAST_MATH = YES;
				SDKROOT = iphoneos;
				SWIFT_COMPILATION_MODE = wholemodule;
				SWIFT_OPTIMIZATION_LEVEL = "-O";
				VALIDATE_PRODUCT = YES;
			};
			name = Release;
		};
		7D69C329280652CE00D40B71 /* Debug */ = {
			isa = XCBuildConfiguration;
			baseConfigurationReference = 0712E67FB1EF3563C0587643 /* Pods-Easy Travels.debug.xcconfig */;
			buildSettings = {
				ASSETCATALOG_COMPILER_APPICON_NAME = AppIcon;
				ASSETCATALOG_COMPILER_GLOBAL_ACCENT_COLOR_NAME = AccentColor;
				CODE_SIGN_STYLE = Automatic;
				CURRENT_PROJECT_VERSION = 1;
				DEVELOPMENT_TEAM = WL2F8RP2H7;
				GENERATE_INFOPLIST_FILE = YES;
				INFOPLIST_FILE = "Easy Travels/Info.plist";
				INFOPLIST_KEY_UIApplicationSupportsIndirectInputEvents = YES;
				INFOPLIST_KEY_UILaunchStoryboardName = LaunchScreen;
				INFOPLIST_KEY_UIMainStoryboardFile = Main;
				INFOPLIST_KEY_UISupportedInterfaceOrientations_iPad = "UIInterfaceOrientationPortrait UIInterfaceOrientationPortraitUpsideDown UIInterfaceOrientationLandscapeLeft UIInterfaceOrientationLandscapeRight";
				INFOPLIST_KEY_UISupportedInterfaceOrientations_iPhone = "UIInterfaceOrientationPortrait UIInterfaceOrientationLandscapeLeft UIInterfaceOrientationLandscapeRight";
				LD_RUNPATH_SEARCH_PATHS = (
					"$(inherited)",
					"@executable_path/Frameworks",
				);
				MARKETING_VERSION = 1.0;
				PRODUCT_BUNDLE_IDENTIFIER = "Ella-Walsh.Easy-Travels";
				PRODUCT_NAME = "$(TARGET_NAME)";
				SWIFT_EMIT_LOC_STRINGS = YES;
				SWIFT_VERSION = 5.0;
				TARGETED_DEVICE_FAMILY = "1,2";
			};
			name = Debug;
		};
		7D69C32A280652CE00D40B71 /* Release */ = {
			isa = XCBuildConfiguration;
			baseConfigurationReference = D7831C81D42401BD22699454 /* Pods-Easy Travels.release.xcconfig */;
			buildSettings = {
				ASSETCATALOG_COMPILER_APPICON_NAME = AppIcon;
				ASSETCATALOG_COMPILER_GLOBAL_ACCENT_COLOR_NAME = AccentColor;
				CODE_SIGN_STYLE = Automatic;
				CURRENT_PROJECT_VERSION = 1;
				DEVELOPMENT_TEAM = WL2F8RP2H7;
				GENERATE_INFOPLIST_FILE = YES;
				INFOPLIST_FILE = "Easy Travels/Info.plist";
				INFOPLIST_KEY_UIApplicationSupportsIndirectInputEvents = YES;
				INFOPLIST_KEY_UILaunchStoryboardName = LaunchScreen;
				INFOPLIST_KEY_UIMainStoryboardFile = Main;
				INFOPLIST_KEY_UISupportedInterfaceOrientations_iPad = "UIInterfaceOrientationPortrait UIInterfaceOrientationPortraitUpsideDown UIInterfaceOrientationLandscapeLeft UIInterfaceOrientationLandscapeRight";
				INFOPLIST_KEY_UISupportedInterfaceOrientations_iPhone = "UIInterfaceOrientationPortrait UIInterfaceOrientationLandscapeLeft UIInterfaceOrientationLandscapeRight";
				LD_RUNPATH_SEARCH_PATHS = (
					"$(inherited)",
					"@executable_path/Frameworks",
				);
				MARKETING_VERSION = 1.0;
				PRODUCT_BUNDLE_IDENTIFIER = "Ella-Walsh.Easy-Travels";
				PRODUCT_NAME = "$(TARGET_NAME)";
				SWIFT_EMIT_LOC_STRINGS = YES;
				SWIFT_VERSION = 5.0;
				TARGETED_DEVICE_FAMILY = "1,2";
			};
			name = Release;
		};
/* End XCBuildConfiguration section */

/* Begin XCConfigurationList section */
		7D69C30F280652C600D40B71 /* Build configuration list for PBXProject "Easy Travels" */ = {
			isa = XCConfigurationList;
			buildConfigurations = (
				7D69C326280652CE00D40B71 /* Debug */,
				7D69C327280652CE00D40B71 /* Release */,
			);
			defaultConfigurationIsVisible = 0;
			defaultConfigurationName = Release;
		};
		7D69C328280652CE00D40B71 /* Build configuration list for PBXNativeTarget "Easy Travels" */ = {
			isa = XCConfigurationList;
			buildConfigurations = (
				7D69C329280652CE00D40B71 /* Debug */,
				7D69C32A280652CE00D40B71 /* Release */,
			);
			defaultConfigurationIsVisible = 0;
			defaultConfigurationName = Release;
		};
/* End XCConfigurationList section */
	};
	rootObject = 7D69C30C280652C600D40B71 /* Project object */;
}
